{
    "version": 3,
    "terraform_version": "0.11.13",
    "serial": 8,
    "lineage": "a0f46497-e09c-6250-b411-c155d627d2a6",
    "modules": [
        {
            "path": [
                "root"
            ],
            "outputs": {
                "ip": {
                    "sensitive": false,
                    "type": "string",
                    "value": "185.202.83.89"
                }
            },
            "resources": {
                "aws_eip.ip": {
                    "type": "aws_eip",
                    "depends_on": [
                        "aws_instance.instance"
                    ],
                    "primary": {
                        "id": "eipalloc-dfe61240c3ec408db4d93c1f4ad1fe78",
                        "attributes": {
                            "association_id": "eipassoc-dfe61240c3ec408db4d93c1f4ad1fe7866e2782eac1f000d",
                            "domain": "vpc",
                            "id": "eipalloc-dfe61240c3ec408db4d93c1f4ad1fe78",
                            "instance": "i-fe42dcb5bb8548d79aa2b1e7390ae0f1",
                            "network_interface": "eni-66e2782eeac64457b25be0ac3bd2bc2e",
                            "private_dns": "ip-172-31-0-13.ec2.internal",
                            "private_ip": "172.31.0.13",
                            "public_dns": "ec2-185-202-83-89.compute-1.amazonaws.com",
                            "public_ip": "185.202.83.89",
                            "public_ipv4_pool": "",
                            "tags.%": "0",
                            "vpc": "true"
                        },
                        "meta": {
                            "e2bfb730-ecaa-11e6-8f88-34363bc7c4c0": {
                                "delete": 180000000000,
                                "read": 900000000000,
                                "update": 300000000000
                            }
                        },
                        "tainted": false
                    },
                    "deposed": [],
                    "provider": "provider.aws"
                },
                "aws_instance.instance": {
                    "type": "aws_instance",
                    "depends_on": [],
                    "primary": {
                        "id": "i-fe42dcb5bb8548d79aa2b1e7390ae0f1",
                        "attributes": {
                            "ami": "ami-bb1aea95afc048b9848fe9c65532451e",
                            "arn": "arn:aws:ec2:us-east-1::instance/i-fe42dcb5bb8548d79aa2b1e7390ae0f1",
                            "associate_public_ip_address": "true",
                            "availability_zone": "symphony",
                            "credit_specification.#": "1",
                            "credit_specification.0.cpu_credits": "standard",
                            "disable_api_termination": "false",
                            "ebs_block_device.#": "0",
                            "ebs_optimized": "false",
                            "ephemeral_block_device.#": "0",
                            "get_password_data": "false",
                            "iam_instance_profile": "",
                            "id": "i-fe42dcb5bb8548d79aa2b1e7390ae0f1",
                            "instance_state": "running",
                            "instance_type": "t2.micro",
                            "ipv6_address_count": "0",
                            "ipv6_addresses.#": "0",
                            "key_name": "",
                            "monitoring": "false",
                            "network_interface.#": "0",
                            "password_data": "",
                            "placement_group": "",
                            "primary_network_interface_id": "eni-66e2782eeac64457b25be0ac3bd2bc2e",
                            "private_dns": "host-172-31-0-13.symphony.",
                            "private_ip": "172.31.0.13",
                            "public_dns": "",
                            "public_ip": "185.202.83.89",
                            "root_block_device.#": "1",
                            "root_block_device.0.delete_on_termination": "true",
                            "root_block_device.0.iops": "0",
                            "root_block_device.0.volume_id": "vol-dca689dac10449e4b88422d41e12309b",
                            "root_block_device.0.volume_size": "10",
                            "root_block_device.0.volume_type": "standard",
                            "security_groups.#": "1",
                            "security_groups.3814588639": "default",
                            "source_dest_check": "true",
                            "subnet_id": "subnet-bb73b000c6ab417ea3f9d49be42815d0",
                            "tags.%": "2",
                            "tags.0b688b2d-91f4-4db5-8ac1-8b7fc08c6498": "",
                            "tags.Production": "",
                            "tenancy": "default",
                            "volume_tags.%": "0",
                            "vpc_security_group_ids.#": "1",
                            "vpc_security_group_ids.309597416": "sg-9cd6e2e10a4e48018410a850de653d43"
                        },
                        "meta": {
                            "e2bfb730-ecaa-11e6-8f88-34363bc7c4c0": {
                                "create": 600000000000,
                                "delete": 1200000000000,
                                "update": 600000000000
                            },
                            "schema_version": "1"
                        },
                        "tainted": false
                    },
                    "deposed": [],
                    "provider": "provider.aws"
                }
            },
            "depends_on": []
        }
    ]
}
