{
    "version": 3,
    "terraform_version": "0.11.13",
    "serial": 15,
    "lineage": "85ea7e7f-8c71-9c5c-fe4a-8e3e6fa0172e",
    "modules": [
        {
            "path": [
                "root"
            ],
            "outputs": {},
            "resources": {
                "aws_instance.winrm": {
                    "type": "aws_instance",
                    "depends_on": [
                        "data.aws_ami.default"
                    ],
                    "primary": {
                        "id": "i-e4c32210d6be46109cdd930569be850c",
                        "attributes": {
                            "ami": "ami-bb1aea95afc048b9848fe9c65532451e",
                            "arn": "arn:aws:ec2:us-east-1::instance/i-e4c32210d6be46109cdd930569be850c",
                            "associate_public_ip_address": "false",
                            "availability_zone": "symphony",
                            "credit_specification.#": "1",
                            "credit_specification.0.cpu_credits": "standard",
                            "disable_api_termination": "false",
                            "ebs_block_device.#": "0",
                            "ebs_optimized": "false",
                            "ephemeral_block_device.#": "0",
                            "get_password_data": "false",
                            "iam_instance_profile": "",
                            "id": "i-e4c32210d6be46109cdd930569be850c",
                            "instance_state": "running",
                            "instance_type": "t2.micro",
                            "ipv6_addresses.#": "0",
                            "key_name": "keykey",
                            "monitoring": "false",
                            "network_interface.#": "0",
                            "network_interface_id": "eni-6a10c01043c444629b2106ad26e940d8",
                            "password_data": "",
                            "placement_group": "",
                            "primary_network_interface_id": "eni-6a10c01043c444629b2106ad26e940d8",
                            "private_dns": "host-172-31-0-14.symphony.",
                            "private_ip": "172.31.0.14",
                            "public_dns": "",
                            "public_ip": "",
                            "root_block_device.#": "1",
                            "root_block_device.0.delete_on_termination": "true",
                            "root_block_device.0.iops": "0",
                            "root_block_device.0.volume_id": "vol-5c6eb06ac51f477fb0c41f433e412717",
                            "root_block_device.0.volume_size": "10",
                            "root_block_device.0.volume_type": "standard",
                            "security_groups.#": "1",
                            "security_groups.3814588639": "default",
                            "source_dest_check": "true",
                            "subnet_id": "subnet-bb73b000c6ab417ea3f9d49be42815d0",
                            "tags.%": "3",
                            "tags.0b688b2d-91f4-4db5-8ac1-8b7fc08c6498": "",
                            "tags.Name": "Instance0",
                            "tags.Production": "",
                            "tenancy": "default",
                            "user_data": "27e0af336c791b283c9723d3d448d7a23a21e28a",
                            "volume_tags.%": "0",
                            "vpc_security_group_ids.#": "1",
                            "vpc_security_group_ids.309597416": "sg-9cd6e2e10a4e48018410a850de653d43"
                        },
                        "meta": {
                            "e2bfb730-ecaa-11e6-8f88-34363bc7c4c0": {
                                "create": 600000000000,
                                "delete": 1200000000000,
                                "update": 600000000000
                            },
                            "schema_version": "1"
                        },
                        "tainted": true
                    },
                    "deposed": [],
                    "provider": "provider.aws"
                },
                "aws_security_group.default": {
                    "type": "aws_security_group",
                    "depends_on": [
                        "aws_vpc.example"
                    ],
                    "primary": {
                        "id": "sg-2b01ce3e993d459a806d8900f08363b2",
                        "attributes": {
                            "arn": "arn:aws:ec2:us-east-1:f7484fca34684698b5d3b80d9a63383e:security-group/sg-2b01ce3e993d459a806d8900f08363b2",
                            "description": "Used in the terraform",
                            "egress.#": "1",
                            "egress.4167388295.cidr_blocks.#": "1",
                            "egress.4167388295.cidr_blocks.0": "172.31.0.0/20",
                            "egress.4167388295.description": "",
                            "egress.4167388295.from_port": "0",
                            "egress.4167388295.ipv6_cidr_blocks.#": "0",
                            "egress.4167388295.prefix_list_ids.#": "0",
                            "egress.4167388295.protocol": "-1",
                            "egress.4167388295.security_groups.#": "0",
                            "egress.4167388295.self": "false",
                            "egress.4167388295.to_port": "0",
                            "id": "sg-2b01ce3e993d459a806d8900f08363b2",
                            "ingress.#": "2",
                            "ingress.2275532870.cidr_blocks.#": "1",
                            "ingress.2275532870.cidr_blocks.0": "172.31.0.0/20",
                            "ingress.2275532870.description": "",
                            "ingress.2275532870.from_port": "3389",
                            "ingress.2275532870.ipv6_cidr_blocks.#": "0",
                            "ingress.2275532870.protocol": "tcp",
                            "ingress.2275532870.security_groups.#": "0",
                            "ingress.2275532870.self": "false",
                            "ingress.2275532870.to_port": "3389",
                            "ingress.54777808.cidr_blocks.#": "1",
                            "ingress.54777808.cidr_blocks.0": "172.31.0.0/20",
                            "ingress.54777808.description": "",
                            "ingress.54777808.from_port": "5985",
                            "ingress.54777808.ipv6_cidr_blocks.#": "0",
                            "ingress.54777808.protocol": "tcp",
                            "ingress.54777808.security_groups.#": "0",
                            "ingress.54777808.self": "false",
                            "ingress.54777808.to_port": "5986",
                            "name": "Default VPC",
                            "owner_id": "f7484fca34684698b5d3b80d9a63383e",
                            "revoke_rules_on_delete": "false",
                            "tags.%": "0",
                            "vpc_id": "vpc-186e8d67299d45139bf9f41d55b2981e"
                        },
                        "meta": {
                            "e2bfb730-ecaa-11e6-8f88-34363bc7c4c0": {
                                "create": 600000000000,
                                "delete": 600000000000
                            },
                            "schema_version": "1"
                        },
                        "tainted": false
                    },
                    "deposed": [],
                    "provider": "provider.aws"
                },
                "aws_subnet.example": {
                    "type": "aws_subnet",
                    "depends_on": [
                        "aws_vpc.example"
                    ],
                    "primary": {
                        "id": "subnet-939d605c5ce742e2be76d1d7ad9dcd25",
                        "attributes": {
                            "assign_ipv6_address_on_creation": "false",
                            "availability_zone": "symphony",
                            "cidr_block": "172.31.1.0/24",
                            "id": "subnet-939d605c5ce742e2be76d1d7ad9dcd25",
                            "map_public_ip_on_launch": "false",
                            "tags.%": "1",
                            "tags.Name": "Default VPC",
                            "vpc_id": "vpc-186e8d67299d45139bf9f41d55b2981e"
                        },
                        "meta": {
                            "schema_version": "1"
                        },
                        "tainted": false
                    },
                    "deposed": [],
                    "provider": "provider.aws"
                },
                "aws_vpc.example": {
                    "type": "aws_vpc",
                    "depends_on": [],
                    "primary": {
                        "id": "vpc-186e8d67299d45139bf9f41d55b2981e",
                        "attributes": {
                            "arn": "arn:aws:ec2:us-east-1::vpc/vpc-186e8d67299d45139bf9f41d55b2981e",
                            "assign_generated_ipv6_cidr_block": "false",
                            "cidr_block": "172.31.0.0/20",
                            "default_route_table_id": "rtb-12f44efb5d1c4a97960466b735be0730",
                            "default_security_group_id": "sg-4cfd1dd679ab471c8ffc9334d04daaf3",
                            "dhcp_options_id": "dopt-63b99ac7105b4e49bd9a6c0eb4c2ac9f",
                            "enable_classiclink": "false",
                            "enable_classiclink_dns_support": "false",
                            "enable_dns_hostnames": "false",
                            "enable_dns_support": "true",
                            "id": "vpc-186e8d67299d45139bf9f41d55b2981e",
                            "instance_tenancy": "default",
                            "main_route_table_id": "rtb-12f44efb5d1c4a97960466b735be0730",
                            "tags.%": "1",
                            "tags.Name": "Default VPC"
                        },
                        "meta": {
                            "schema_version": "1"
                        },
                        "tainted": false
                    },
                    "deposed": [],
                    "provider": "provider.aws"
                },
                "data.aws_ami.default": {
                    "type": "aws_ami",
                    "depends_on": [],
                    "primary": {
                        "id": "ami-bb1aea95afc048b9848fe9c65532451e",
                        "attributes": {
                            "architecture": "i386",
                            "block_device_mappings.#": "0",
                            "creation_date": " ",
                            "description": "Win_Server_STDData_2012_Ger",
                            "filter.#": "1",
                            "filter.1637611824.name": "name",
                            "filter.1637611824.values.#": "1",
                            "filter.1637611824.values.0": "*Win_Server_STDData_2012_Ger*",
                            "hypervisor": "xen",
                            "id": "ami-bb1aea95afc048b9848fe9c65532451e",
                            "image_id": "ami-bb1aea95afc048b9848fe9c65532451e",
                            "image_location": "98f7474148d04bbf8ffa238eb7058d6b/Win_Server_STDData_2012_Ger",
                            "image_type": "machine",
                            "most_recent": "true",
                            "name": "Win_Server_STDData_2012_Ger",
                            "owner_id": "98f7474148d04bbf8ffa238eb7058d6b",
                            "product_codes.#": "0",
                            "public": "true",
                            "root_device_name": "/dev/sda",
                            "root_device_type": "ebs",
                            "root_snapshot_id": "",
                            "state": "available",
                            "state_reason.%": "2",
                            "state_reason.code": "UNSET",
                            "state_reason.message": "UNSET",
                            "tags.%": "0",
                            "virtualization_type": "hvm"
                        },
                        "meta": {},
                        "tainted": false
                    },
                    "deposed": [],
                    "provider": "provider.aws"
                }
            },
            "depends_on": []
        }
    ]
}
